{
  "name": "backend",
  "version": "1.0.0",
  "lockfileVersion": 3,
  "requires": true,
  "packages": {
    "": {
      "name": "backend",
      "version": "1.0.0",
      "license": "ISC",
      "dependencies": {
        "pg": "^8.14.1",
        "ssh2": "^1.16.0",
        "tunnel-ssh": "^5.2.0"
      }
    },
    "node_modules/asn1": {
      "version": "0.2.6",
      "resolved": "https://registry.npmjs.org/asn1/-/asn1-0.2.6.tgz",
      "integrity": "sha512-ix/FxPn0MDjeyJ7i/yoHGFt/EX6LyNbxSEhPPXODPL+KB0VPk86UYfL0lMdy+KCnv+fmvIzySwaK5COwqVbWTQ==",
      "license": "MIT",
      "dependencies": {
        "safer-buffer": "~2.1.0"
      }
    },
    "node_modules/bcrypt-pbkdf": {
      "version": "1.0.2",
      "resolved": "https://registry.npmjs.org/bcrypt-pbkdf/-/bcrypt-pbkdf-1.0.2.tgz",
      "integrity": "sha512-qeFIXtP4MSoi6NLqO12WfqARWWuCKi2Rn/9hJLEmtB5yTNr9DqFWkJRCf2qShWzPeAMRnOgCrq0sg/KLv5ES9w==",
      "license": "BSD-3-Clause",
      "dependencies": {
        "tweetnacl": "^0.14.3"
      }
    },
    "node_modules/buildcheck": {
      "version": "0.0.6",
      "resolved": "https://registry.npmjs.org/buildcheck/-/buildcheck-0.0.6.tgz",
      "integrity": "sha512-8f9ZJCUXyT1M35Jx7MkBgmBMo3oHTTBIPLiY9xyL0pl3T5RwcPEY8cUHr5LBNfu/fk6c2T4DJZuVM/8ZZT2D2A==",
      "optional": true,
      "engines": {
        "node": ">=10.0.0"
      }
    },
    "node_modules/cpu-features": {
      "version": "0.0.10",
      "resolved": "https://registry.npmjs.org/cpu-features/-/cpu-features-0.0.10.tgz",
      "integrity": "sha512-9IkYqtX3YHPCzoVg1Py+o9057a3i0fp7S530UWokCSaFVTc7CwXPRiOjRjBQQ18ZCNafx78YfnG+HALxtVmOGA==",
      "hasInstallScript": true,
      "optional": true,
      "dependencies": {
        "buildcheck": "~0.0.6",
        "nan": "^2.19.0"
      },
      "engines": {
        "node": ">=10.0.0"
      }
    },
    "node_modules/nan": {
      "version": "2.22.2",
      "resolved": "https://registry.npmjs.org/nan/-/nan-2.22.2.tgz",
      "integrity": "sha512-DANghxFkS1plDdRsX0X9pm0Z6SJNN6gBdtXfanwoZ8hooC5gosGFSBGRYHUVPz1asKA/kMRqDRdHrluZ61SpBQ==",
      "license": "MIT",
      "optional": true
    },
    "node_modules/pg": {
      "version": "8.14.1",
      "resolved": "https://registry.npmjs.org/pg/-/pg-8.14.1.tgz",
      "integrity": "sha512-0TdbqfjwIun9Fm/r89oB7RFQ0bLgduAhiIqIXOsyKoiC/L54DbuAAzIEN/9Op0f1Po9X7iCPXGoa/Ah+2aI8Xw==",
      "license": "MIT",
      "dependencies": {
        "pg-connection-string": "^2.7.0",
        "pg-pool": "^3.8.0",
        "pg-protocol": "^1.8.0",
        "pg-types": "^2.1.0",
        "pgpass": "1.x"
      },
      "engines": {
        "node": ">= 8.0.0"
      },
      "optionalDependencies": {
        "pg-cloudflare": "^1.1.1"
      },
      "peerDependencies": {
        "pg-native": ">=3.0.1"
      },
      "peerDependenciesMeta": {
        "pg-native": {
          "optional": true
        }
      }
    },
    "node_modules/pg-cloudflare": {
      "version": "1.1.1",
      "resolved": "https://registry.npmjs.org/pg-cloudflare/-/pg-cloudflare-1.1.1.tgz",
      "integrity": "sha512-xWPagP/4B6BgFO+EKz3JONXv3YDgvkbVrGw2mTo3D6tVDQRh1e7cqVGvyR3BE+eQgAvx1XhW/iEASj4/jCWl3Q==",
      "license": "MIT",
      "optional": true
    },
    "node_modules/pg-connection-string": {
      "version": "2.7.0",
      "resolved": "https://registry.npmjs.org/pg-connection-string/-/pg-connection-string-2.7.0.tgz",
      "integrity": "sha512-PI2W9mv53rXJQEOb8xNR8lH7Hr+EKa6oJa38zsK0S/ky2er16ios1wLKhZyxzD7jUReiWokc9WK5nxSnC7W1TA==",
      "license": "MIT"
    },
    "node_modules/pg-int8": {
      "version": "1.0.1",
      "resolved": "https://registry.npmjs.org/pg-int8/-/pg-int8-1.0.1.tgz",
      "integrity": "sha512-WCtabS6t3c8SkpDBUlb1kjOs7l66xsGdKpIPZsg4wR+B3+u9UAum2odSsF9tnvxg80h4ZxLWMy4pRjOsFIqQpw==",
      "license": "ISC",
      "engines": {
        "node": ">=4.0.0"
      }
    },
    "node_modules/pg-pool": {
      "version": "3.8.0",
      "resolved": "https://registry.npmjs.org/pg-pool/-/pg-pool-3.8.0.tgz",
      "integrity": "sha512-VBw3jiVm6ZOdLBTIcXLNdSotb6Iy3uOCwDGFAksZCXmi10nyRvnP2v3jl4d+IsLYRyXf6o9hIm/ZtUzlByNUdw==",
      "license": "MIT",
      "peerDependencies": {
        "pg": ">=8.0"
      }
    },
    "node_modules/pg-protocol": {
      "version": "1.8.0",
      "resolved": "https://registry.npmjs.org/pg-protocol/-/pg-protocol-1.8.0.tgz",
      "integrity": "sha512-jvuYlEkL03NRvOoyoRktBK7+qU5kOvlAwvmrH8sr3wbLrOdVWsRxQfz8mMy9sZFsqJ1hEWNfdWKI4SAmoL+j7g==",
      "license": "MIT"
    },
    "node_modules/pg-types": {
      "version": "2.2.0",
      "resolved": "https://registry.npmjs.org/pg-types/-/pg-types-2.2.0.tgz",
      "integrity": "sha512-qTAAlrEsl8s4OiEQY69wDvcMIdQN6wdz5ojQiOy6YRMuynxenON0O5oCpJI6lshc6scgAY8qvJ2On/p+CXY0GA==",
      "license": "MIT",
      "dependencies": {
        "pg-int8": "1.0.1",
        "postgres-array": "~2.0.0",
        "postgres-bytea": "~1.0.0",
        "postgres-date": "~1.0.4",
        "postgres-interval": "^1.1.0"
      },
      "engines": {
        "node": ">=4"
      }
    },
    "node_modules/pgpass": {
      "version": "1.0.5",
      "resolved": "https://registry.npmjs.org/pgpass/-/pgpass-1.0.5.tgz",
      "integrity": "sha512-FdW9r/jQZhSeohs1Z3sI1yxFQNFvMcnmfuj4WBMUTxOrAyLMaTcE1aAMBiTlbMNaXvBCQuVi0R7hd8udDSP7ug==",
      "license": "MIT",
      "dependencies": {
        "split2": "^4.1.0"
      }
    },
    "node_modules/postgres-array": {
      "version": "2.0.0",
      "resolved": "https://registry.npmjs.org/postgres-array/-/postgres-array-2.0.0.tgz",
      "integrity": "sha512-VpZrUqU5A69eQyW2c5CA1jtLecCsN2U/bD6VilrFDWq5+5UIEVO7nazS3TEcHf1zuPYO/sqGvUvW62g86RXZuA==",
      "license": "MIT",
      "engines": {
        "node": ">=4"
      }
    },
    "node_modules/postgres-bytea": {
      "version": "1.0.0",
      "resolved": "https://registry.npmjs.org/postgres-bytea/-/postgres-bytea-1.0.0.tgz",
      "integrity": "sha512-xy3pmLuQqRBZBXDULy7KbaitYqLcmxigw14Q5sj8QBVLqEwXfeybIKVWiqAXTlcvdvb0+xkOtDbfQMOf4lST1w==",
      "license": "MIT",
      "engines": {
        "node": ">=0.10.0"
      }
    },
    "node_modules/postgres-date": {
      "version": "1.0.7",
      "resolved": "https://registry.npmjs.org/postgres-date/-/postgres-date-1.0.7.tgz",
      "integrity": "sha512-suDmjLVQg78nMK2UZ454hAG+OAW+HQPZ6n++TNDUX+L0+uUlLywnoxJKDou51Zm+zTCjrCl0Nq6J9C5hP9vK/Q==",
      "license": "MIT",
      "engines": {
        "node": ">=0.10.0"
      }
    },
    "node_modules/postgres-interval": {
      "version": "1.2.0",
      "resolved": "https://registry.npmjs.org/postgres-interval/-/postgres-interval-1.2.0.tgz",
      "integrity": "sha512-9ZhXKM/rw350N1ovuWHbGxnGh/SNJ4cnxHiM0rxE4VN41wsg8P8zWn9hv/buK00RP4WvlOyr/RBDiptyxVbkZQ==",
      "license": "MIT",
      "dependencies": {
        "xtend": "^4.0.0"
      },
      "engines": {
        "node": ">=0.10.0"
      }
    },
    "node_modules/safer-buffer": {
      "version": "2.1.2",
      "resolved": "https://registry.npmjs.org/safer-buffer/-/safer-buffer-2.1.2.tgz",
      "integrity": "sha512-YZo3K82SD7Riyi0E1EQPojLz7kpepnSQI9IyPbHHg1XXXevb5dJI7tpyN2ADxGcQbHG7vcyRHk0cbwqcQriUtg==",
      "license": "MIT"
    },
    "node_modules/split2": {
      "version": "4.2.0",
      "resolved": "https://registry.npmjs.org/split2/-/split2-4.2.0.tgz",
      "integrity": "sha512-UcjcJOWknrNkF6PLX83qcHM6KHgVKNkV62Y8a5uYDVv9ydGQVwAHMKqHdJje1VTWpljG0WYpCDhrCdAOYH4TWg==",
      "license": "ISC",
      "engines": {
        "node": ">= 10.x"
      }
    },
    "node_modules/ssh2": {
      "version": "1.16.0",
      "resolved": "https://registry.npmjs.org/ssh2/-/ssh2-1.16.0.tgz",
      "integrity": "sha512-r1X4KsBGedJqo7h8F5c4Ybpcr5RjyP+aWIG007uBPRjmdQWfEiVLzSK71Zji1B9sKxwaCvD8y8cwSkYrlLiRRg==",
      "hasInstallScript": true,
      "dependencies": {
        "asn1": "^0.2.6",
        "bcrypt-pbkdf": "^1.0.2"
      },
      "engines": {
        "node": ">=10.16.0"
      },
      "optionalDependencies": {
        "cpu-features": "~0.0.10",
        "nan": "^2.20.0"
      }
    },
    "node_modules/tunnel-ssh": {
      "version": "5.2.0",
      "resolved": "https://registry.npmjs.org/tunnel-ssh/-/tunnel-ssh-5.2.0.tgz",
      "integrity": "sha512-IGiyhE2RSt3NVvZ7aKH3ykziAxKNPe/z97Rab/lrIXslif/cq7J/m6EXfERlDITiFyGGYMqqi5SSrt/mk1VbEg==",
      "license": "MIT",
      "dependencies": {
        "ssh2": "^1.15.0"
      }
    },
    "node_modules/tweetnacl": {
      "version": "0.14.5",
      "resolved": "https://registry.npmjs.org/tweetnacl/-/tweetnacl-0.14.5.tgz",
      "integrity": "sha512-KXXFFdAbFXY4geFIwoyNK+f5Z1b7swfXABfL7HXCmoIWMKU3dmS26672A4EeQtDzLKy7SXmfBu51JolvEKwtGA==",
      "license": "Unlicense"
    },
    "node_modules/xtend": {
      "version": "4.0.2",
      "resolved": "https://registry.npmjs.org/xtend/-/xtend-4.0.2.tgz",
      "integrity": "sha512-LKYU1iAXJXUgAXn9URjiu+MWhyUXHsvfp7mcuYm9dSUKK0/CjtrUwFAxD82/mCWbtLsGjFIad0wIsod4zrTAEQ==",
      "license": "MIT",
      "engines": {
        "node": ">=0.4"
      }
    }
  }
}
